
Microsoft Visual Studio Solution File, Format Version 12.00
# Visual Studio Version 17
VisualStudioVersion = 17.13.35931.197 d17.13
MinimumVisualStudioVersion = 10.0.40219.1
Project("{FAE04EC0-301F-11D3-BF4B-00C04F79EFBC}") = "Singleton.NonThreadSafe", "Singleton.NonThreadSafe.csproj", "{61B55052-0938-4792-957D-A74B0B6D850E}"
EndProject
Global
	GlobalSection(SolutionConfigurationPlatforms) = preSolution
		Debug|Any CPU = Debug|Any CPU
		Release|Any CPU = Release|Any CPU
	EndGlobalSection
	GlobalSection(ProjectConfigurationPlatforms) = postSolution
		{61B55052-0938-4792-957D-A74B0B6D850E}.Debug|Any CPU.ActiveCfg = Debug|Any CPU
		{61B55052-0938-4792-957D-A74B0B6D850E}.Debug|Any CPU.Build.0 = Debug|Any CPU
		{61B55052-0938-4792-957D-A74B0B6D850E}.Release|Any CPU.ActiveCfg = Release|Any CPU
		{61B55052-0938-4792-957D-A74B0B6D850E}.Release|Any CPU.Build.0 = Release|Any CPU
	EndGlobalSection
	GlobalSection(SolutionProperties) = preSolution
		HideSolutionNode = FALSE
	EndGlobalSection
	GlobalSection(ExtensibilityGlobals) = postSolution
		SolutionGuid = {D08BC146-9D8B-43C6-B169-B283801F9DB7}
	EndGlobalSection
EndGlobal
